
Microsoft Visual Studio Solution File, Format Version 12.00
# Visual Studio Version 17
VisualStudioVersion = 17.11.35312.102
MinimumVisualStudioVersion = 10.0.40219.1
Project("{9A19103F-16F7-4668-BE54-9A1E7A4F7556}") = "MotorSocialApp.Api", "Presentation\MotorSocialApp.Api\MotorSocialApp.Api.csproj", "{1AD9437B-381B-4288-955D-A86ABFD7297D}"
EndProject
Project("{9A19103F-16F7-4668-BE54-9A1E7A4F7556}") = "MotorSocialApp.Persistence", "Infrastructure\MotorSocialApp.Persistence\MotorSocialApp.Persistence.csproj", "{2CC221FF-3FAD-4A93-9C2D-7DC0C420C078}"
EndProject
Project("{9A19103F-16F7-4668-BE54-9A1E7A4F7556}") = "MotorSocialApp.Application", "Core\MotorSocialApp.Application\MotorSocialApp.Application.csproj", "{37090C52-3877-46FE-8076-92DB83498BA3}"
EndProject
Project("{9A19103F-16F7-4668-BE54-9A1E7A4F7556}") = "MotorSocialApp.Domain", "Core\MotorSocialApp.Domain\MotorSocialApp.Domain.csproj", "{C3C3EDFF-B89E-4AA6-B523-DE7E95ED8953}"
EndProject
Project("{9A19103F-16F7-4668-BE54-9A1E7A4F7556}") = "MotorSocialApp.Infrastructure", "Infrastructure\MotorSocialApp.Infrastructure\MotorSocialApp.Infrastructure.csproj", "{0C193CDB-4003-4481-914F-273C56656B76}"
EndProject
Project("{2150E333-8FDC-42A3-9474-1A3956D46DE8}") = "Core", "Core", "{A553A666-8C2F-4F32-A5BE-A4109F0311D1}"
EndProject
Project("{2150E333-8FDC-42A3-9474-1A3956D46DE8}") = "Infrastructure", "Infrastructure", "{B4E31CD6-49A2-44E3-B586-D4993BE45FA8}"
EndProject
Project("{2150E333-8FDC-42A3-9474-1A3956D46DE8}") = "Presentation", "Presentation", "{E6037AD0-1B5B-4513-95BA-29725FD8CCD0}"
EndProject
Global
	GlobalSection(SolutionConfigurationPlatforms) = preSolution
		Debug|Any CPU = Debug|Any CPU
		Release|Any CPU = Release|Any CPU
	EndGlobalSection
	GlobalSection(ProjectConfigurationPlatforms) = postSolution
		{1AD9437B-381B-4288-955D-A86ABFD7297D}.Debug|Any CPU.ActiveCfg = Debug|Any CPU
		{1AD9437B-381B-4288-955D-A86ABFD7297D}.Debug|Any CPU.Build.0 = Debug|Any CPU
		{1AD9437B-381B-4288-955D-A86ABFD7297D}.Release|Any CPU.ActiveCfg = Release|Any CPU
		{1AD9437B-381B-4288-955D-A86ABFD7297D}.Release|Any CPU.Build.0 = Release|Any CPU
		{2CC221FF-3FAD-4A93-9C2D-7DC0C420C078}.Debug|Any CPU.ActiveCfg = Debug|Any CPU
		{2CC221FF-3FAD-4A93-9C2D-7DC0C420C078}.Debug|Any CPU.Build.0 = Debug|Any CPU
		{2CC221FF-3FAD-4A93-9C2D-7DC0C420C078}.Release|Any CPU.ActiveCfg = Release|Any CPU
		{2CC221FF-3FAD-4A93-9C2D-7DC0C420C078}.Release|Any CPU.Build.0 = Release|Any CPU
		{37090C52-3877-46FE-8076-92DB83498BA3}.Debug|Any CPU.ActiveCfg = Debug|Any CPU
		{37090C52-3877-46FE-8076-92DB83498BA3}.Debug|Any CPU.Build.0 = Debug|Any CPU
		{37090C52-3877-46FE-8076-92DB83498BA3}.Release|Any CPU.ActiveCfg = Release|Any CPU
		{37090C52-3877-46FE-8076-92DB83498BA3}.Release|Any CPU.Build.0 = Release|Any CPU
		{C3C3EDFF-B89E-4AA6-B523-DE7E95ED8953}.Debug|Any CPU.ActiveCfg = Debug|Any CPU
		{C3C3EDFF-B89E-4AA6-B523-DE7E95ED8953}.Debug|Any CPU.Build.0 = Debug|Any CPU
		{C3C3EDFF-B89E-4AA6-B523-DE7E95ED8953}.Release|Any CPU.ActiveCfg = Release|Any CPU
		{C3C3EDFF-B89E-4AA6-B523-DE7E95ED8953}.Release|Any CPU.Build.0 = Release|Any CPU
		{0C193CDB-4003-4481-914F-273C56656B76}.Debug|Any CPU.ActiveCfg = Debug|Any CPU
		{0C193CDB-4003-4481-914F-273C56656B76}.Debug|Any CPU.Build.0 = Debug|Any CPU
		{0C193CDB-4003-4481-914F-273C56656B76}.Release|Any CPU.ActiveCfg = Release|Any CPU
		{0C193CDB-4003-4481-914F-273C56656B76}.Release|Any CPU.Build.0 = Release|Any CPU
	EndGlobalSection
	GlobalSection(SolutionProperties) = preSolution
		HideSolutionNode = FALSE
	EndGlobalSection
	GlobalSection(NestedProjects) = preSolution
		{1AD9437B-381B-4288-955D-A86ABFD7297D} = {E6037AD0-1B5B-4513-95BA-29725FD8CCD0}
		{2CC221FF-3FAD-4A93-9C2D-7DC0C420C078} = {B4E31CD6-49A2-44E3-B586-D4993BE45FA8}
		{37090C52-3877-46FE-8076-92DB83498BA3} = {A553A666-8C2F-4F32-A5BE-A4109F0311D1}
		{C3C3EDFF-B89E-4AA6-B523-DE7E95ED8953} = {A553A666-8C2F-4F32-A5BE-A4109F0311D1}
		{0C193CDB-4003-4481-914F-273C56656B76} = {B4E31CD6-49A2-44E3-B586-D4993BE45FA8}
	EndGlobalSection
	GlobalSection(ExtensibilityGlobals) = postSolution
		SolutionGuid = {370E2B6C-4DBA-4448-B35F-8E6617120664}
	EndGlobalSection
EndGlobal
